{
  "version": 4,
  "terraform_version": "0.12.24",
  "serial": 7,
  "lineage": "f3d31750-e0fd-6339-3b37-3d91d3c43e7f",
  "outputs": {},
  "resources": [
    {
      "module": "module.ec2",
      "mode": "managed",
      "type": "aws_instance",
      "name": "yesh",
      "provider": "module.ec2.provider.aws",
      "instances": [
        {
          "schema_version": 1,
          "attributes": {
            "ami": "ami-0915e09cc7ceee3ab",
            "arn": "arn:aws:ec2:us-east-1:882756442003:instance/i-04ef12a90c55d67b3",
            "associate_public_ip_address": true,
            "availability_zone": "us-east-1b",
            "cpu_core_count": 1,
            "cpu_threads_per_core": 2,
            "credit_specification": [
              {
                "cpu_credits": "unlimited"
              }
            ],
            "disable_api_termination": false,
            "ebs_block_device": [],
            "ebs_optimized": false,
            "ephemeral_block_device": [],
            "get_password_data": false,
            "hibernation": false,
            "host_id": null,
            "iam_instance_profile": "s3-access",
            "id": "i-04ef12a90c55d67b3",
            "instance_initiated_shutdown_behavior": null,
            "instance_state": "running",
            "instance_type": "t3a.micro",
            "ipv6_address_count": 0,
            "ipv6_addresses": [],
            "key_name": "yeshmac",
            "metadata_options": [
              {
                "http_endpoint": "enabled",
                "http_put_response_hop_limit": 1,
                "http_tokens": "optional"
              }
            ],
            "monitoring": false,
            "network_interface": [],
            "network_interface_id": null,
            "outpost_arn": "",
            "password_data": "",
            "placement_group": "",
            "primary_network_interface_id": "eni-0df9f03ffa549806f",
            "private_dns": "ip-10-0-3-241.ec2.internal",
            "private_ip": "10.0.3.241",
            "public_dns": "ec2-34-239-183-188.compute-1.amazonaws.com",
            "public_ip": "34.239.183.188",
            "root_block_device": [
              {
                "delete_on_termination": true,
                "device_name": "/dev/xvda",
                "encrypted": false,
                "iops": 100,
                "kms_key_id": "",
                "volume_id": "vol-0ef2d0b55d47b0852",
                "volume_size": 8,
                "volume_type": "gp2"
              }
            ],
            "security_groups": [],
            "source_dest_check": true,
            "subnet_id": "subnet-0ca91a5c302d6354a",
            "tags": {
              "Name": "Assesment_ec2"
            },
            "tenancy": "default",
            "timeouts": null,
            "user_data": "4c4bac54219adba3a87965c810f6912ea91724a1",
            "user_data_base64": null,
            "volume_tags": {},
            "vpc_security_group_ids": [
              "sg-0030f7ccff2b31177"
            ]
          },
          "private": "eyJlMmJmYjczMC1lY2FhLTExZTYtOGY4OC0zNDM2M2JjN2M0YzAiOnsiY3JlYXRlIjo2MDAwMDAwMDAwMDAsImRlbGV0ZSI6MTIwMDAwMDAwMDAwMCwidXBkYXRlIjo2MDAwMDAwMDAwMDB9LCJzY2hlbWFfdmVyc2lvbiI6IjEifQ=="
        }
      ]
    }
  ]
}
